
Microsoft Visual Studio Solution File, Format Version 12.00
# Visual Studio Version 16
VisualStudioVersion = 16.0.31205.134
MinimumVisualStudioVersion = 10.0.40219.1
Project("{FAE04EC0-301F-11D3-BF4B-00C04F79EFBC}") = "XamarinApp.Android", "XamarinApp\XamarinApp.Android\XamarinApp.Android.csproj", "{32332201-704D-4535-87FE-4043EDB96FDA}"
EndProject
Project("{9A19103F-16F7-4668-BE54-9A1E7A4F7556}") = "XamarinApp", "XamarinApp\XamarinApp\XamarinApp.csproj", "{977F4E77-B1A8-4EA5-8E17-1FDF53621CDA}"
EndProject
Global
	GlobalSection(SolutionConfigurationPlatforms) = preSolution
		Debug|Any CPU = Debug|Any CPU
		Debug|iPhone = Debug|iPhone
		Debug|iPhoneSimulator = Debug|iPhoneSimulator
		Release|Any CPU = Release|Any CPU
		Release|iPhone = Release|iPhone
		Release|iPhoneSimulator = Release|iPhoneSimulator
	EndGlobalSection
	GlobalSection(ProjectConfigurationPlatforms) = postSolution
		{32332201-704D-4535-87FE-4043EDB96FDA}.Debug|Any CPU.ActiveCfg = Debug|Any CPU
		{32332201-704D-4535-87FE-4043EDB96FDA}.Debug|Any CPU.Build.0 = Debug|Any CPU
		{32332201-704D-4535-87FE-4043EDB96FDA}.Debug|Any CPU.Deploy.0 = Debug|Any CPU
		{32332201-704D-4535-87FE-4043EDB96FDA}.Debug|iPhone.ActiveCfg = Debug|Any CPU
		{32332201-704D-4535-87FE-4043EDB96FDA}.Debug|iPhone.Build.0 = Debug|Any CPU
		{32332201-704D-4535-87FE-4043EDB96FDA}.Debug|iPhone.Deploy.0 = Debug|Any CPU
		{32332201-704D-4535-87FE-4043EDB96FDA}.Debug|iPhoneSimulator.ActiveCfg = Debug|Any CPU
		{32332201-704D-4535-87FE-4043EDB96FDA}.Debug|iPhoneSimulator.Build.0 = Debug|Any CPU
		{32332201-704D-4535-87FE-4043EDB96FDA}.Debug|iPhoneSimulator.Deploy.0 = Debug|Any CPU
		{32332201-704D-4535-87FE-4043EDB96FDA}.Release|Any CPU.ActiveCfg = Release|Any CPU
		{32332201-704D-4535-87FE-4043EDB96FDA}.Release|Any CPU.Build.0 = Release|Any CPU
		{32332201-704D-4535-87FE-4043EDB96FDA}.Release|Any CPU.Deploy.0 = Release|Any CPU
		{32332201-704D-4535-87FE-4043EDB96FDA}.Release|iPhone.ActiveCfg = Release|Any CPU
		{32332201-704D-4535-87FE-4043EDB96FDA}.Release|iPhone.Build.0 = Release|Any CPU
		{32332201-704D-4535-87FE-4043EDB96FDA}.Release|iPhone.Deploy.0 = Release|Any CPU
		{32332201-704D-4535-87FE-4043EDB96FDA}.Release|iPhoneSimulator.ActiveCfg = Release|Any CPU
		{32332201-704D-4535-87FE-4043EDB96FDA}.Release|iPhoneSimulator.Build.0 = Release|Any CPU
		{32332201-704D-4535-87FE-4043EDB96FDA}.Release|iPhoneSimulator.Deploy.0 = Release|Any CPU
		{977F4E77-B1A8-4EA5-8E17-1FDF53621CDA}.Debug|Any CPU.ActiveCfg = Debug|Any CPU
		{977F4E77-B1A8-4EA5-8E17-1FDF53621CDA}.Debug|Any CPU.Build.0 = Debug|Any CPU
		{977F4E77-B1A8-4EA5-8E17-1FDF53621CDA}.Debug|Any CPU.Deploy.0 = Debug|Any CPU
		{977F4E77-B1A8-4EA5-8E17-1FDF53621CDA}.Debug|iPhone.ActiveCfg = Debug|Any CPU
		{977F4E77-B1A8-4EA5-8E17-1FDF53621CDA}.Debug|iPhone.Build.0 = Debug|Any CPU
		{977F4E77-B1A8-4EA5-8E17-1FDF53621CDA}.Debug|iPhone.Deploy.0 = Debug|Any CPU
		{977F4E77-B1A8-4EA5-8E17-1FDF53621CDA}.Debug|iPhoneSimulator.ActiveCfg = Debug|Any CPU
		{977F4E77-B1A8-4EA5-8E17-1FDF53621CDA}.Debug|iPhoneSimulator.Build.0 = Debug|Any CPU
		{977F4E77-B1A8-4EA5-8E17-1FDF53621CDA}.Debug|iPhoneSimulator.Deploy.0 = Debug|Any CPU
		{977F4E77-B1A8-4EA5-8E17-1FDF53621CDA}.Release|Any CPU.ActiveCfg = Release|Any CPU
		{977F4E77-B1A8-4EA5-8E17-1FDF53621CDA}.Release|Any CPU.Build.0 = Release|Any CPU
		{977F4E77-B1A8-4EA5-8E17-1FDF53621CDA}.Release|Any CPU.Deploy.0 = Release|Any CPU
		{977F4E77-B1A8-4EA5-8E17-1FDF53621CDA}.Release|iPhone.ActiveCfg = Release|Any CPU
		{977F4E77-B1A8-4EA5-8E17-1FDF53621CDA}.Release|iPhone.Build.0 = Release|Any CPU
		{977F4E77-B1A8-4EA5-8E17-1FDF53621CDA}.Release|iPhone.Deploy.0 = Release|Any CPU
		{977F4E77-B1A8-4EA5-8E17-1FDF53621CDA}.Release|iPhoneSimulator.ActiveCfg = Release|Any CPU
		{977F4E77-B1A8-4EA5-8E17-1FDF53621CDA}.Release|iPhoneSimulator.Build.0 = Release|Any CPU
		{977F4E77-B1A8-4EA5-8E17-1FDF53621CDA}.Release|iPhoneSimulator.Deploy.0 = Release|Any CPU
	EndGlobalSection
	GlobalSection(SolutionProperties) = preSolution
		HideSolutionNode = FALSE
	EndGlobalSection
	GlobalSection(ExtensibilityGlobals) = postSolution
		SolutionGuid = {6BBF26C1-F06D-403D-BD9B-5783A1BF6FAE}
	EndGlobalSection
EndGlobal
